{
  "lockfile-version": 1,
  "manifest": {
    "version": 1,
    "install": {
      "clang": {
        "pkg-path": "clang"
      },
      "gnumake": {
        "pkg-path": "gnumake"
      },
      "openssl": {
        "pkg-path": "openssl"
      },
      "ruby": {
        "pkg-path": "ruby"
      }
    },
    "vars": {},
    "hook": {
      "on-activate": "  unset CPATH\n  bundle config set --local path 'vendor'\n  export PATH=\"$FLOX_ENV_PROJECT/vendor/ruby/3.1.0/bin:$PATH\"\n  alias toot='bundle exec client.rb'\n  echo \"Welcome to the Toot 🐘 client environment! \"\n "
    },
    "profile": {
      "common": "   alias toot='bundle exec client.rb'\n\n "
    },
    "options": {
      "systems": [
        "aarch64-darwin",
        "aarch64-linux",
        "x86_64-darwin",
        "x86_64-linux"
      ],
      "allow": {
        "licenses": []
      },
      "semver": {}
    }
  },
  "packages": [
    {
      "attr_path": "clang",
      "broken": false,
      "derivation": "/nix/store/d1m4rdk9x8ai6lrlk8gf1bn68h0aanqw-clang-wrapper-16.0.6.drv",
      "description": "C language family frontend for LLVM (wrapper script)",
      "install_id": "clang",
      "license": "NCSA",
      "locked_url": "https://github.com/flox/nixpkgs?rev=dc14ed91132ee3a26255d01d8fd0c1f5bff27b2f",
      "name": "clang-wrapper-16.0.6",
      "pname": "clang",
      "rev": "dc14ed91132ee3a26255d01d8fd0c1f5bff27b2f",
      "rev_count": 656713,
      "rev_date": "2024-07-23T13:58:26Z",
      "scrape_date": "2024-07-26T01:12:46Z",
      "stabilities": [
        "unstable"
      ],
      "unfree": false,
      "version": "wrapper-16.0.6",
      "outputs_to_install": [
        "out"
      ],
      "outputs": {
        "out": "/nix/store/k8mrxviw965lv59hqbln3297jwfffm2w-clang-wrapper-16.0.6"
      },
      "system": "aarch64-darwin",
      "group": "toplevel",
      "priority": 5
    },
    {
      "attr_path": "clang",
      "broken": false,
      "derivation": "/nix/store/fsi3f0d23q7364l9yrv7qq2v91mlpa0r-clang-wrapper-17.0.6.drv",
      "description": "C language family frontend for LLVM (wrapper script)",
      "install_id": "clang",
      "license": "NCSA",
      "locked_url": "https://github.com/flox/nixpkgs?rev=dc14ed91132ee3a26255d01d8fd0c1f5bff27b2f",
      "name": "clang-wrapper-17.0.6",
      "pname": "clang",
      "rev": "dc14ed91132ee3a26255d01d8fd0c1f5bff27b2f",
      "rev_count": 656713,
      "rev_date": "2024-07-23T13:58:26Z",
      "scrape_date": "2024-07-26T01:12:46Z",
      "stabilities": [
        "unstable"
      ],
      "unfree": false,
      "version": "wrapper-17.0.6",
      "outputs_to_install": [
        "out"
      ],
      "outputs": {
        "out": "/nix/store/0d63xsjpnrx6rvmih9jafh5ix8q52c1k-clang-wrapper-17.0.6"
      },
      "system": "aarch64-linux",
      "group": "toplevel",
      "priority": 5
    },
    {
      "attr_path": "clang",
      "broken": false,
      "derivation": "/nix/store/3r07hnpck1r6fr4dsvxchl77j8srm7pl-clang-wrapper-16.0.6.drv",
      "description": "C language family frontend for LLVM (wrapper script)",
      "install_id": "clang",
      "license": "NCSA",
      "locked_url": "https://github.com/flox/nixpkgs?rev=dc14ed91132ee3a26255d01d8fd0c1f5bff27b2f",
      "name": "clang-wrapper-16.0.6",
      "pname": "clang",
      "rev": "dc14ed91132ee3a26255d01d8fd0c1f5bff27b2f",
      "rev_count": 656713,
      "rev_date": "2024-07-23T13:58:26Z",
      "scrape_date": "2024-07-26T01:12:46Z",
      "stabilities": [
        "unstable"
      ],
      "unfree": false,
      "version": "wrapper-16.0.6",
      "outputs_to_install": [
        "out"
      ],
      "outputs": {
        "out": "/nix/store/mkxvxm2cf85rybzbp6zbj5infxm9rafc-clang-wrapper-16.0.6"
      },
      "system": "x86_64-darwin",
      "group": "toplevel",
      "priority": 5
    },
    {
      "attr_path": "clang",
      "broken": false,
      "derivation": "/nix/store/ijwisq3m5qkqpxil8pw9p6d4k7bana26-clang-wrapper-17.0.6.drv",
      "description": "C language family frontend for LLVM (wrapper script)",
      "install_id": "clang",
      "license": "NCSA",
      "locked_url": "https://github.com/flox/nixpkgs?rev=dc14ed91132ee3a26255d01d8fd0c1f5bff27b2f",
      "name": "clang-wrapper-17.0.6",
      "pname": "clang",
      "rev": "dc14ed91132ee3a26255d01d8fd0c1f5bff27b2f",
      "rev_count": 656713,
      "rev_date": "2024-07-23T13:58:26Z",
      "scrape_date": "2024-07-26T01:12:46Z",
      "stabilities": [
        "unstable"
      ],
      "unfree": false,
      "version": "wrapper-17.0.6",
      "outputs_to_install": [
        "out"
      ],
      "outputs": {
        "out": "/nix/store/jbm7b0gdxrjbbyh8rvkfp7xdm0s4saaj-clang-wrapper-17.0.6"
      },
      "system": "x86_64-linux",
      "group": "toplevel",
      "priority": 5
    },
    {
      "attr_path": "gnumake",
      "broken": false,
      "derivation": "/nix/store/nhd6z9fyk629nx2jc3gsa9fk68w1amj5-gnumake-4.4.1.drv",
      "description": "Tool to control the generation of non-source files from sources",
      "install_id": "gnumake",
      "license": "GPL-3.0-or-later",
      "locked_url": "https://github.com/flox/nixpkgs?rev=dc14ed91132ee3a26255d01d8fd0c1f5bff27b2f",
      "name": "gnumake-4.4.1",
      "pname": "gnumake",
      "rev": "dc14ed91132ee3a26255d01d8fd0c1f5bff27b2f",
      "rev_count": 656713,
      "rev_date": "2024-07-23T13:58:26Z",
      "scrape_date": "2024-07-26T01:12:46Z",
      "stabilities": [
        "unstable"
      ],
      "unfree": false,
      "version": "4.4.1",
      "outputs_to_install": [
        "out",
        "man"
      ],
      "outputs": {
        "info": "/nix/store/qs7gmbv88h9v6achca5950a33zmniabc-gnumake-4.4.1-info",
        "man": "/nix/store/ajpqp6akrszzdvxbb40fq6czikidc2vb-gnumake-4.4.1-man",
        "out": "/nix/store/c4301v1sjrp1779626h44pl91jbnpn5r-gnumake-4.4.1"
      },
      "system": "aarch64-darwin",
      "group": "toplevel",
      "priority": 5
    },
    {
      "attr_path": "gnumake",
      "broken": false,
      "derivation": "/nix/store/75iygvrvhlfym6yglpj1bgfwbq3p6qsv-gnumake-4.4.1.drv",
      "description": "Tool to control the generation of non-source files from sources",
      "install_id": "gnumake",
      "license": "GPL-3.0-or-later",
      "locked_url": "https://github.com/flox/nixpkgs?rev=dc14ed91132ee3a26255d01d8fd0c1f5bff27b2f",
      "name": "gnumake-4.4.1",
      "pname": "gnumake",
      "rev": "dc14ed91132ee3a26255d01d8fd0c1f5bff27b2f",
      "rev_count": 656713,
      "rev_date": "2024-07-23T13:58:26Z",
      "scrape_date": "2024-07-26T01:12:46Z",
      "stabilities": [
        "unstable"
      ],
      "unfree": false,
      "version": "4.4.1",
      "outputs_to_install": [
        "out",
        "man"
      ],
      "outputs": {
        "debug": "/nix/store/aqc0xdx9bfvqj38915xm97zj9k9h6dgf-gnumake-4.4.1-debug",
        "info": "/nix/store/fkb17v32yraw4jfl6jph7gsikhg5528z-gnumake-4.4.1-info",
        "man": "/nix/store/72jlip07iff04ldvi8pbidla8k4y6cbl-gnumake-4.4.1-man",
        "out": "/nix/store/zmgsn6q40mhyydf1irxb1j39h60cfazh-gnumake-4.4.1"
      },
      "system": "aarch64-linux",
      "group": "toplevel",
      "priority": 5
    },
    {
      "attr_path": "gnumake",
      "broken": false,
      "derivation": "/nix/store/0i0c6d4axnyn5ggvvzarfwaijxg6cniz-gnumake-4.4.1.drv",
      "description": "Tool to control the generation of non-source files from sources",
      "install_id": "gnumake",
      "license": "GPL-3.0-or-later",
      "locked_url": "https://github.com/flox/nixpkgs?rev=dc14ed91132ee3a26255d01d8fd0c1f5bff27b2f",
      "name": "gnumake-4.4.1",
      "pname": "gnumake",
      "rev": "dc14ed91132ee3a26255d01d8fd0c1f5bff27b2f",
      "rev_count": 656713,
      "rev_date": "2024-07-23T13:58:26Z",
      "scrape_date": "2024-07-26T01:12:46Z",
      "stabilities": [
        "unstable"
      ],
      "unfree": false,
      "version": "4.4.1",
      "outputs_to_install": [
        "out",
        "man"
      ],
      "outputs": {
        "info": "/nix/store/44kyl5f1z3qji74bjfj69anqnhhia5q0-gnumake-4.4.1-info",
        "man": "/nix/store/xmif4yq2xqy37qjhgzz43sni8nrickh6-gnumake-4.4.1-man",
        "out": "/nix/store/6mq2psv6b3kraaf1axdw2h1ci28nw15l-gnumake-4.4.1"
      },
      "system": "x86_64-darwin",
      "group": "toplevel",
      "priority": 5
    },
    {
      "attr_path": "gnumake",
      "broken": false,
      "derivation": "/nix/store/vngdw7h72jg8qmyizx9s747hlh4j2z16-gnumake-4.4.1.drv",
      "description": "Tool to control the generation of non-source files from sources",
      "install_id": "gnumake",
      "license": "GPL-3.0-or-later",
      "locked_url": "https://github.com/flox/nixpkgs?rev=dc14ed91132ee3a26255d01d8fd0c1f5bff27b2f",
      "name": "gnumake-4.4.1",
      "pname": "gnumake",
      "rev": "dc14ed91132ee3a26255d01d8fd0c1f5bff27b2f",
      "rev_count": 656713,
      "rev_date": "2024-07-23T13:58:26Z",
      "scrape_date": "2024-07-26T01:12:46Z",
      "stabilities": [
        "unstable"
      ],
      "unfree": false,
      "version": "4.4.1",
      "outputs_to_install": [
        "out",
        "man"
      ],
      "outputs": {
        "debug": "/nix/store/1rpvn74fg0vyp7k3r369qa6m0jqhsgiz-gnumake-4.4.1-debug",
        "info": "/nix/store/561k9y7cqfyf58j9x1dblw0c18625xyd-gnumake-4.4.1-info",
        "man": "/nix/store/qrbxn3bh9p4ivq5jx2fs6l34k0inqpz2-gnumake-4.4.1-man",
        "out": "/nix/store/y1p3w7pj0f7n77kl33wmz5gml6qcqfjd-gnumake-4.4.1"
      },
      "system": "x86_64-linux",
      "group": "toplevel",
      "priority": 5
    },
    {
      "attr_path": "openssl",
      "broken": false,
      "derivation": "/nix/store/g38g56xl8q9dk0mq960nfaq7c2dvc3v2-openssl-3.0.14.drv",
      "description": "Cryptographic library that implements the SSL and TLS protocols",
      "install_id": "openssl",
      "license": "Apache-2.0",
      "locked_url": "https://github.com/flox/nixpkgs?rev=dc14ed91132ee3a26255d01d8fd0c1f5bff27b2f",
      "name": "openssl-3.0.14",
      "pname": "openssl",
      "rev": "dc14ed91132ee3a26255d01d8fd0c1f5bff27b2f",
      "rev_count": 656713,
      "rev_date": "2024-07-23T13:58:26Z",
      "scrape_date": "2024-07-26T01:12:46Z",
      "stabilities": [
        "unstable"
      ],
      "unfree": false,
      "version": "3.0.14",
      "outputs_to_install": [
        "bin",
        "man"
      ],
      "outputs": {
        "bin": "/nix/store/a8n5gngrqgalv42a4dj4cfvjzdnxm4ir-openssl-3.0.14-bin",
        "dev": "/nix/store/7fwcz4y37jj6ms17yj9hwqbmhzjaxhj9-openssl-3.0.14-dev",
        "doc": "/nix/store/52r0kgi0j84maf347mjjh158srqan2b1-openssl-3.0.14-doc",
        "man": "/nix/store/mxbdpiw2aiwwqr4nagrfx784fz10c2rq-openssl-3.0.14-man",
        "out": "/nix/store/v8asmv9z7diqqfj8x8qcja73bqyklvaj-openssl-3.0.14"
      },
      "system": "aarch64-darwin",
      "group": "toplevel",
      "priority": 5
    },
    {
      "attr_path": "openssl",
      "broken": false,
      "derivation": "/nix/store/7mvljqr8bwil5wjkz0jlr4bhml77gqmc-openssl-3.0.14.drv",
      "description": "Cryptographic library that implements the SSL and TLS protocols",
      "install_id": "openssl",
      "license": "Apache-2.0",
      "locked_url": "https://github.com/flox/nixpkgs?rev=dc14ed91132ee3a26255d01d8fd0c1f5bff27b2f",
      "name": "openssl-3.0.14",
      "pname": "openssl",
      "rev": "dc14ed91132ee3a26255d01d8fd0c1f5bff27b2f",
      "rev_count": 656713,
      "rev_date": "2024-07-23T13:58:26Z",
      "scrape_date": "2024-07-26T01:12:46Z",
      "stabilities": [
        "unstable"
      ],
      "unfree": false,
      "version": "3.0.14",
      "outputs_to_install": [
        "bin",
        "man"
      ],
      "outputs": {
        "bin": "/nix/store/14rhbwlby3i656s1ym2dfx3p0zmhjvaz-openssl-3.0.14-bin",
        "debug": "/nix/store/r7imjgjm88pgyhbv180ll5vrh5a627jz-openssl-3.0.14-debug",
        "dev": "/nix/store/46v6p7i5202q5sxr790609a97f5zfxp8-openssl-3.0.14-dev",
        "doc": "/nix/store/lsrcxq3fh1lnwa78lcgii9qk3f25wlif-openssl-3.0.14-doc",
        "man": "/nix/store/z3m8x476ajsnlyzw6v8mpplmkyiq0cfy-openssl-3.0.14-man",
        "out": "/nix/store/ksvhi1mad9g0gnkw065c40dhw4ajx1kq-openssl-3.0.14"
      },
      "system": "aarch64-linux",
      "group": "toplevel",
      "priority": 5
    },
    {
      "attr_path": "openssl",
      "broken": false,
      "derivation": "/nix/store/4paykqqkzifv97j862p2sgq5iss4yvqd-openssl-3.0.14.drv",
      "description": "Cryptographic library that implements the SSL and TLS protocols",
      "install_id": "openssl",
      "license": "Apache-2.0",
      "locked_url": "https://github.com/flox/nixpkgs?rev=dc14ed91132ee3a26255d01d8fd0c1f5bff27b2f",
      "name": "openssl-3.0.14",
      "pname": "openssl",
      "rev": "dc14ed91132ee3a26255d01d8fd0c1f5bff27b2f",
      "rev_count": 656713,
      "rev_date": "2024-07-23T13:58:26Z",
      "scrape_date": "2024-07-26T01:12:46Z",
      "stabilities": [
        "unstable"
      ],
      "unfree": false,
      "version": "3.0.14",
      "outputs_to_install": [
        "bin",
        "man"
      ],
      "outputs": {
        "bin": "/nix/store/mg931ddpb31qrwhyfd4agj9x0plcps8a-openssl-3.0.14-bin",
        "dev": "/nix/store/xh1plxvqh8b1zqnwhi6zf7nxskmj3v57-openssl-3.0.14-dev",
        "doc": "/nix/store/0463xcyky1jgj6l3qmy27a1a6m7j0wjl-openssl-3.0.14-doc",
        "man": "/nix/store/cazz5x8jnx9s2dh28y0ivwnbzwwj49ys-openssl-3.0.14-man",
        "out": "/nix/store/my6mx7wia27hsz1syj5islaysdndn0nx-openssl-3.0.14"
      },
      "system": "x86_64-darwin",
      "group": "toplevel",
      "priority": 5
    },
    {
      "attr_path": "openssl",
      "broken": false,
      "derivation": "/nix/store/fdwrxqbzzpxacss7dgxc43hlamclzsg1-openssl-3.0.14.drv",
      "description": "Cryptographic library that implements the SSL and TLS protocols",
      "install_id": "openssl",
      "license": "Apache-2.0",
      "locked_url": "https://github.com/flox/nixpkgs?rev=dc14ed91132ee3a26255d01d8fd0c1f5bff27b2f",
      "name": "openssl-3.0.14",
      "pname": "openssl",
      "rev": "dc14ed91132ee3a26255d01d8fd0c1f5bff27b2f",
      "rev_count": 656713,
      "rev_date": "2024-07-23T13:58:26Z",
      "scrape_date": "2024-07-26T01:12:46Z",
      "stabilities": [
        "unstable"
      ],
      "unfree": false,
      "version": "3.0.14",
      "outputs_to_install": [
        "bin",
        "man"
      ],
      "outputs": {
        "bin": "/nix/store/ppfzl2wqzs7ljfj0dxypcvrhr9x6ka3f-openssl-3.0.14-bin",
        "debug": "/nix/store/zljr676hsm18fm9kgwimlgd2f3bvfd2c-openssl-3.0.14-debug",
        "dev": "/nix/store/dp6821c0s4bbmmws3lc6nicz09lnjlgl-openssl-3.0.14-dev",
        "doc": "/nix/store/wd0mnx1vhf5qg99329fsh4sfmzg49bs3-openssl-3.0.14-doc",
        "man": "/nix/store/jj233vb30i2ip0sh66gjwnaiwhc922sc-openssl-3.0.14-man",
        "out": "/nix/store/jv2p6cmx23ihj5y4r98wnn2nmv4qhfh5-openssl-3.0.14"
      },
      "system": "x86_64-linux",
      "group": "toplevel",
      "priority": 5
    },
    {
      "attr_path": "ruby",
      "broken": false,
      "derivation": "/nix/store/irsmlmgn7aznps66nmdmf0kw05rr67np-ruby-3.1.5.drv",
      "description": "Object-oriented language for quick and easy programming",
      "install_id": "ruby",
      "license": "Ruby",
      "locked_url": "https://github.com/flox/nixpkgs?rev=dc14ed91132ee3a26255d01d8fd0c1f5bff27b2f",
      "name": "ruby-3.1.5",
      "pname": "ruby",
      "rev": "dc14ed91132ee3a26255d01d8fd0c1f5bff27b2f",
      "rev_count": 656713,
      "rev_date": "2024-07-23T13:58:26Z",
      "scrape_date": "2024-07-26T01:12:46Z",
      "stabilities": [
        "unstable"
      ],
      "unfree": false,
      "version": "3.1.5",
      "outputs_to_install": [
        "out"
      ],
      "outputs": {
        "devdoc": "/nix/store/3z0p2yyqv42bgnwy4ss5pzav7xch8gl5-ruby-3.1.5-devdoc",
        "out": "/nix/store/zy16nkybzj7armp9bs6wy9y29wjbr94s-ruby-3.1.5"
      },
      "system": "aarch64-darwin",
      "group": "toplevel",
      "priority": 5
    },
    {
      "attr_path": "ruby",
      "broken": false,
      "derivation": "/nix/store/gdy2p9z6mrszjhnczgm7j95xrq9izf72-ruby-3.1.5.drv",
      "description": "Object-oriented language for quick and easy programming",
      "install_id": "ruby",
      "license": "Ruby",
      "locked_url": "https://github.com/flox/nixpkgs?rev=dc14ed91132ee3a26255d01d8fd0c1f5bff27b2f",
      "name": "ruby-3.1.5",
      "pname": "ruby",
      "rev": "dc14ed91132ee3a26255d01d8fd0c1f5bff27b2f",
      "rev_count": 656713,
      "rev_date": "2024-07-23T13:58:26Z",
      "scrape_date": "2024-07-26T01:12:46Z",
      "stabilities": [
        "unstable"
      ],
      "unfree": false,
      "version": "3.1.5",
      "outputs_to_install": [
        "out"
      ],
      "outputs": {
        "devdoc": "/nix/store/1mi8n898wxlizvff4r6p0p5pkkascbs9-ruby-3.1.5-devdoc",
        "out": "/nix/store/5jajwwca24sjfz1d8mqjh8hbgdg0gic6-ruby-3.1.5"
      },
      "system": "aarch64-linux",
      "group": "toplevel",
      "priority": 5
    },
    {
      "attr_path": "ruby",
      "broken": false,
      "derivation": "/nix/store/qwdvlahj0j93vidqy25mi4xsjvkn4n4v-ruby-3.1.5.drv",
      "description": "Object-oriented language for quick and easy programming",
      "install_id": "ruby",
      "license": "Ruby",
      "locked_url": "https://github.com/flox/nixpkgs?rev=dc14ed91132ee3a26255d01d8fd0c1f5bff27b2f",
      "name": "ruby-3.1.5",
      "pname": "ruby",
      "rev": "dc14ed91132ee3a26255d01d8fd0c1f5bff27b2f",
      "rev_count": 656713,
      "rev_date": "2024-07-23T13:58:26Z",
      "scrape_date": "2024-07-26T01:12:46Z",
      "stabilities": [
        "unstable"
      ],
      "unfree": false,
      "version": "3.1.5",
      "outputs_to_install": [
        "out"
      ],
      "outputs": {
        "devdoc": "/nix/store/qrw450p81an9s8g3q6ccd9rq7sazzcg7-ruby-3.1.5-devdoc",
        "out": "/nix/store/5msv7q4h1ww6rcmy9n8jckif1x1n4fsb-ruby-3.1.5"
      },
      "system": "x86_64-darwin",
      "group": "toplevel",
      "priority": 5
    },
    {
      "attr_path": "ruby",
      "broken": false,
      "derivation": "/nix/store/inrlr6zn5g67rb09gi66aw3i75vi9bi2-ruby-3.1.5.drv",
      "description": "Object-oriented language for quick and easy programming",
      "install_id": "ruby",
      "license": "Ruby",
      "locked_url": "https://github.com/flox/nixpkgs?rev=dc14ed91132ee3a26255d01d8fd0c1f5bff27b2f",
      "name": "ruby-3.1.5",
      "pname": "ruby",
      "rev": "dc14ed91132ee3a26255d01d8fd0c1f5bff27b2f",
      "rev_count": 656713,
      "rev_date": "2024-07-23T13:58:26Z",
      "scrape_date": "2024-07-26T01:12:46Z",
      "stabilities": [
        "unstable"
      ],
      "unfree": false,
      "version": "3.1.5",
      "outputs_to_install": [
        "out"
      ],
      "outputs": {
        "devdoc": "/nix/store/w7hf2z0vjb4y03414cv4x4bg6spmc4id-ruby-3.1.5-devdoc",
        "out": "/nix/store/fsym6fc0v8njmvf9gydy21vi9ph3c9fr-ruby-3.1.5"
      },
      "system": "x86_64-linux",
      "group": "toplevel",
      "priority": 5
    }
  ]
}